// !$*UTF8*$!
{
	archiveVersion = 1;
	classes = {
	};
	objectVersion = 56;
	objects = {

/* Begin PBXBuildFile section */
		7B4B5F32299FB0980017DE0B /* VideoPlaylistApp.swift in Sources */ = {isa = PBXBuildFile; fileRef = 7B4B5F31299FB0980017DE0B /* VideoPlaylistApp.swift */; };
		7B4B5F34299FB0980017DE0B /* ContentView.swift in Sources */ = {isa = PBXBuildFile; fileRef = 7B4B5F33299FB0980017DE0B /* ContentView.swift */; };
		7B4B5F36299FB09B0017DE0B /* Assets.xcassets in Resources */ = {isa = PBXBuildFile; fileRef = 7B4B5F35299FB09B0017DE0B /* Assets.xcassets */; };
		7B4B5F39299FB09B0017DE0B /* Preview Assets.xcassets in Resources */ = {isa = PBXBuildFile; fileRef = 7B4B5F38299FB09B0017DE0B /* Preview Assets.xcassets */; };
		7B4B5F43299FB09C0017DE0B /* VideoPlaylistTests.swift in Sources */ = {isa = PBXBuildFile; fileRef = 7B4B5F42299FB09C0017DE0B /* VideoPlaylistTests.swift */; };
		7B4B5F4D299FB09C0017DE0B /* VideoPlaylistUITests.swift in Sources */ = {isa = PBXBuildFile; fileRef = 7B4B5F4C299FB09C0017DE0B /* VideoPlaylistUITests.swift */; };
		7B4B5F4F299FB09C0017DE0B /* VideoPlaylistUITestsLaunchTests.swift in Sources */ = {isa = PBXBuildFile; fileRef = 7B4B5F4E299FB09C0017DE0B /* VideoPlaylistUITestsLaunchTests.swift */; };
/* End PBXBuildFile section */

/* Begin PBXContainerItemProxy section */
		7B4B5F3F299FB09C0017DE0B /* PBXContainerItemProxy */ = {
			isa = PBXContainerItemProxy;
			containerPortal = 7B4B5F26299FB0980017DE0B /* Project object */;
			proxyType = 1;
			remoteGlobalIDString = 7B4B5F2D299FB0980017DE0B;
			remoteInfo = VideoPlaylist;
		};
		7B4B5F49299FB09C0017DE0B /* PBXContainerItemProxy */ = {
			isa = PBXContainerItemProxy;
			containerPortal = 7B4B5F26299FB0980017DE0B /* Project object */;
			proxyType = 1;
			remoteGlobalIDString = 7B4B5F2D299FB0980017DE0B;
			remoteInfo = VideoPlaylist;
		};
/* End PBXContainerItemProxy section */

/* Begin PBXFileReference section */
		7B4B5F2E299FB0980017DE0B /* VideoPlaylist.app */ = {isa = PBXFileReference; explicitFileType = wrapper.application; includeInIndex = 0; path = VideoPlaylist.app; sourceTree = BUILT_PRODUCTS_DIR; };
		7B4B5F31299FB0980017DE0B /* VideoPlaylistApp.swift */ = {isa = PBXFileReference; lastKnownFileType = sourcecode.swift; path = VideoPlaylistApp.swift; sourceTree = "<group>"; };
		7B4B5F33299FB0980017DE0B /* ContentView.swift */ = {isa = PBXFileReference; lastKnownFileType = sourcecode.swift; path = ContentView.swift; sourceTree = "<group>"; };
		7B4B5F35299FB09B0017DE0B /* Assets.xcassets */ = {isa = PBXFileReference; lastKnownFileType = folder.assetcatalog; path = Assets.xcassets; sourceTree = "<group>"; };
		7B4B5F38299FB09B0017DE0B /* Preview Assets.xcassets */ = {isa = PBXFileReference; lastKnownFileType = folder.assetcatalog; path = "Preview Assets.xcassets"; sourceTree = "<group>"; };
		7B4B5F3E299FB09C0017DE0B /* VideoPlaylistTests.xctest */ = {isa = PBXFileReference; explicitFileType = wrapper.cfbundle; includeInIndex = 0; path = VideoPlaylistTests.xctest; sourceTree = BUILT_PRODUCTS_DIR; };
		7B4B5F42299FB09C0017DE0B /* VideoPlaylistTests.swift */ = {isa = PBXFileReference; lastKnownFileType = sourcecode.swift; path = VideoPlaylistTests.swift; sourceTree = "<group>"; };
		7B4B5F48299FB09C0017DE0B /* VideoPlaylistUITests.xctest */ = {isa = PBXFileReference; explicitFileType = wrapper.cfbundle; includeInIndex = 0; path = VideoPlaylistUITests.xctest; sourceTree = BUILT_PRODUCTS_DIR; };
		7B4B5F4C299FB09C0017DE0B /* VideoPlaylistUITests.swift */ = {isa = PBXFileReference; lastKnownFileType = sourcecode.swift; path = VideoPlaylistUITests.swift; sourceTree = "<group>"; };
		7B4B5F4E299FB09C0017DE0B /* VideoPlaylistUITestsLaunchTests.swift */ = {isa = PBXFileReference; lastKnownFileType = sourcecode.swift; path = VideoPlaylistUITestsLaunchTests.swift; sourceTree = "<group>"; };
/* End PBXFileReference section */

/* Begin PBXFrameworksBuildPhase section */
		7B4B5F2B299FB0980017DE0B /* Frameworks */ = {
			isa = PBXFrameworksBuildPhase;
			buildActionMask = 2147483647;
			files = (
			);
			runOnlyForDeploymentPostprocessing = 0;
		};
		7B4B5F3B299FB09C0017DE0B /* Frameworks */ = {
			isa = PBXFrameworksBuildPhase;
			buildActionMask = 2147483647;
			files = (
			);
			runOnlyForDeploymentPostprocessing = 0;
		};
		7B4B5F45299FB09C0017DE0B /* Frameworks */ = {
			isa = PBXFrameworksBuildPhase;
			buildActionMask = 2147483647;
			files = (
			);
			runOnlyForDeploymentPostprocessing = 0;
		};
/* End PBXFrameworksBuildPhase section */

/* Begin PBXGroup section */
		7B4B5F25299FB0980017DE0B = {
			isa = PBXGroup;
			children = (
				7B4B5F30299FB0980017DE0B /* VideoPlaylist */,
				7B4B5F41299FB09C0017DE0B /* VideoPlaylistTests */,
				7B4B5F4B299FB09C0017DE0B /* VideoPlaylistUITests */,
				7B4B5F2F299FB0980017DE0B /* Products */,
			);
			sourceTree = "<group>";
		};
		7B4B5F2F299FB0980017DE0B /* Products */ = {
			isa = PBXGroup;
			children = (
				7B4B5F2E299FB0980017DE0B /* VideoPlaylist.app */,
				7B4B5F3E299FB09C0017DE0B /* VideoPlaylistTests.xctest */,
				7B4B5F48299FB09C0017DE0B /* VideoPlaylistUITests.xctest */,
			);
			name = Products;
			sourceTree = "<group>";
		};
		7B4B5F30299FB0980017DE0B /* VideoPlaylist */ = {
			isa = PBXGroup;
			children = (
				7B4B5F31299FB0980017DE0B /* VideoPlaylistApp.swift */,
				7B4B5F33299FB0980017DE0B /* ContentView.swift */,
				7B4B5F35299FB09B0017DE0B /* Assets.xcassets */,
				7B4B5F37299FB09B0017DE0B /* Preview Content */,
			);
			path = VideoPlaylist;
			sourceTree = "<group>";
		};
		7B4B5F37299FB09B0017DE0B /* Preview Content */ = {
			isa = PBXGroup;
			children = (
				7B4B5F38299FB09B0017DE0B /* Preview Assets.xcassets */,
			);
			path = "Preview Content";
			sourceTree = "<group>";
		};
		7B4B5F41299FB09C0017DE0B /* VideoPlaylistTests */ = {
			isa = PBXGroup;
			children = (
				7B4B5F42299FB09C0017DE0B /* VideoPlaylistTests.swift */,
			);
			path = VideoPlaylistTests;
			sourceTree = "<group>";
		};
		7B4B5F4B299FB09C0017DE0B /* VideoPlaylistUITests */ = {
			isa = PBXGroup;
			children = (
				7B4B5F4C299FB09C0017DE0B /* VideoPlaylistUITests.swift */,
				7B4B5F4E299FB09C0017DE0B /* VideoPlaylistUITestsLaunchTests.swift */,
			);
			path = VideoPlaylistUITests;
			sourceTree = "<group>";
		};
/* End PBXGroup section */

/* Begin PBXNativeTarget section */
		7B4B5F2D299FB0980017DE0B /* VideoPlaylist */ = {
			isa = PBXNativeTarget;
			buildConfigurationList = 7B4B5F52299FB09C0017DE0B /* Build configuration list for PBXNativeTarget "VideoPlaylist" */;
			buildPhases = (
				7B4B5F2A299FB0980017DE0B /* Sources */,
				7B4B5F2B299FB0980017DE0B /* Frameworks */,
				7B4B5F2C299FB0980017DE0B /* Resources */,
			);
			buildRules = (
			);
			dependencies = (
			);
			name = VideoPlaylist;
			productName = VideoPlaylist;
			productReference = 7B4B5F2E299FB0980017DE0B /* VideoPlaylist.app */;
			productType = "com.apple.product-type.application";
		};
		7B4B5F3D299FB09C0017DE0B /* VideoPlaylistTests */ = {
			isa = PBXNativeTarget;
			buildConfigurationList = 7B4B5F55299FB09C0017DE0B /* Build configuration list for PBXNativeTarget "VideoPlaylistTests" */;
			buildPhases = (
				7B4B5F3A299FB09C0017DE0B /* Sources */,
				7B4B5F3B299FB09C0017DE0B /* Frameworks */,
				7B4B5F3C299FB09C0017DE0B /* Resources */,
			);
			buildRules = (
			);
			dependencies = (
				7B4B5F40299FB09C0017DE0B /* PBXTargetDependency */,
			);
			name = VideoPlaylistTests;
			productName = VideoPlaylistTests;
			productReference = 7B4B5F3E299FB09C0017DE0B /* VideoPlaylistTests.xctest */;
			productType = "com.apple.product-type.bundle.unit-test";
		};
		7B4B5F47299FB09C0017DE0B /* VideoPlaylistUITests */ = {
			isa = PBXNativeTarget;
			buildConfigurationList = 7B4B5F58299FB09C0017DE0B /* Build configuration list for PBXNativeTarget "VideoPlaylistUITests" */;
			buildPhases = (
				7B4B5F44299FB09C0017DE0B /* Sources */,
				7B4B5F45299FB09C0017DE0B /* Frameworks */,
				7B4B5F46299FB09C0017DE0B /* Resources */,
			);
			buildRules = (
			);
			dependencies = (
				7B4B5F4A299FB09C0017DE0B /* PBXTargetDependency */,
			);
			name = VideoPlaylistUITests;
			productName = VideoPlaylistUITests;
			productReference = 7B4B5F48299FB09C0017DE0B /* VideoPlaylistUITests.xctest */;
			productType = "com.apple.product-type.bundle.ui-testing";
		};
/* End PBXNativeTarget section */

/* Begin PBXProject section */
		7B4B5F26299FB0980017DE0B /* Project object */ = {
			isa = PBXProject;
			attributes = {
				BuildIndependentTargetsInParallel = 1;
				LastSwiftUpdateCheck = 1420;
				LastUpgradeCheck = 1420;
				TargetAttributes = {
					7B4B5F2D299FB0980017DE0B = {
						CreatedOnToolsVersion = 14.2;
					};
					7B4B5F3D299FB09C0017DE0B = {
						CreatedOnToolsVersion = 14.2;
						TestTargetID = 7B4B5F2D299FB0980017DE0B;
					};
					7B4B5F47299FB09C0017DE0B = {
						CreatedOnToolsVersion = 14.2;
						TestTargetID = 7B4B5F2D299FB0980017DE0B;
					};
				};
			};
			buildConfigurationList = 7B4B5F29299FB0980017DE0B /* Build configuration list for PBXProject "VideoPlaylist" */;
			compatibilityVersion = "Xcode 14.0";
			developmentRegion = en;
			hasScannedForEncodings = 0;
			knownRegions = (
				en,
				Base,
			);
			mainGroup = 7B4B5F25299FB0980017DE0B;
			productRefGroup = 7B4B5F2F299FB0980017DE0B /* Products */;
			projectDirPath = "";
			projectRoot = "";
			targets = (
				7B4B5F2D299FB0980017DE0B /* VideoPlaylist */,
				7B4B5F3D299FB09C0017DE0B /* VideoPlaylistTests */,
				7B4B5F47299FB09C0017DE0B /* VideoPlaylistUITests */,
			);
		};
/* End PBXProject section */

/* Begin PBXResourcesBuildPhase section */
		7B4B5F2C299FB0980017DE0B /* Resources */ = {
			isa = PBXResourcesBuildPhase;
			buildActionMask = 2147483647;
			files = (
				7B4B5F39299FB09B0017DE0B /* Preview Assets.xcassets in Resources */,
				7B4B5F36299FB09B0017DE0B /* Assets.xcassets in Resources */,
			);
			runOnlyForDeploymentPostprocessing = 0;
		};
		7B4B5F3C299FB09C0017DE0B /* Resources */ = {
			isa = PBXResourcesBuildPhase;
			buildActionMask = 2147483647;
			files = (
			);
			runOnlyForDeploymentPostprocessing = 0;
		};
		7B4B5F46299FB09C0017DE0B /* Resources */ = {
			isa = PBXResourcesBuildPhase;
			buildActionMask = 2147483647;
			files = (
			);
			runOnlyForDeploymentPostprocessing = 0;
		};
/* End PBXResourcesBuildPhase section */

/* Begin PBXSourcesBuildPhase section */
		7B4B5F2A299FB0980017DE0B /* Sources */ = {
			isa = PBXSourcesBuildPhase;
			buildActionMask = 2147483647;
			files = (
				7B4B5F34299FB0980017DE0B /* ContentView.swift in Sources */,
				7B4B5F32299FB0980017DE0B /* VideoPlaylistApp.swift in Sources */,
			);
			runOnlyForDeploymentPostprocessing = 0;
		};
		7B4B5F3A299FB09C0017DE0B /* Sources */ = {
			isa = PBXSourcesBuildPhase;
			buildActionMask = 2147483647;
			files = (
				7B4B5F43299FB09C0017DE0B /* VideoPlaylistTests.swift in Sources */,
			);
			runOnlyForDeploymentPostprocessing = 0;
		};
		7B4B5F44299FB09C0017DE0B /* Sources */ = {
			isa = PBXSourcesBuildPhase;
			buildActionMask = 2147483647;
			files = (
				7B4B5F4F299FB09C0017DE0B /* VideoPlaylistUITestsLaunchTests.swift in Sources */,
				7B4B5F4D299FB09C0017DE0B /* VideoPlaylistUITests.swift in Sources */,
			);
			runOnlyForDeploymentPostprocessing = 0;
		};
/* End PBXSourcesBuildPhase section */

/* Begin PBXTargetDependency section */
		7B4B5F40299FB09C0017DE0B /* PBXTargetDependency */ = {
			isa = PBXTargetDependency;
			target = 7B4B5F2D299FB0980017DE0B /* VideoPlaylist */;
			targetProxy = 7B4B5F3F299FB09C0017DE0B /* PBXContainerItemProxy */;
		};
		7B4B5F4A299FB09C0017DE0B /* PBXTargetDependency */ = {
			isa = PBXTargetDependency;
			target = 7B4B5F2D299FB0980017DE0B /* VideoPlaylist */;
			targetProxy = 7B4B5F49299FB09C0017DE0B /* PBXContainerItemProxy */;
		};
/* End PBXTargetDependency section */

/* Begin XCBuildConfiguration section */
		7B4B5F50299FB09C0017DE0B /* Debug */ = {
			isa = XCBuildConfiguration;
			buildSettings = {
				ALWAYS_SEARCH_USER_PATHS = NO;
				CLANG_ANALYZER_NONNULL = YES;
				CLANG_ANALYZER_NUMBER_OBJECT_CONVERSION = YES_AGGRESSIVE;
				CLANG_CXX_LANGUAGE_STANDARD = "gnu++20";
				CLANG_ENABLE_MODULES = YES;
				CLANG_ENABLE_OBJC_ARC = YES;
				CLANG_ENABLE_OBJC_WEAK = YES;
				CLANG_WARN_BLOCK_CAPTURE_AUTORELEASING = YES;
				CLANG_WARN_BOOL_CONVERSION = YES;
				CLANG_WARN_COMMA = YES;
				CLANG_WARN_CONSTANT_CONVERSION = YES;
				CLANG_WARN_DEPRECATED_OBJC_IMPLEMENTATIONS = YES;
				CLANG_WARN_DIRECT_OBJC_ISA_USAGE = YES_ERROR;
				CLANG_WARN_DOCUMENTATION_COMMENTS = YES;
				CLANG_WARN_EMPTY_BODY = YES;
				CLANG_WARN_ENUM_CONVERSION = YES;
				CLANG_WARN_INFINITE_RECURSION = YES;
				CLANG_WARN_INT_CONVERSION = YES;
				CLANG_WARN_NON_LITERAL_NULL_CONVERSION = YES;
				CLANG_WARN_OBJC_IMPLICIT_RETAIN_SELF = YES;
				CLANG_WARN_OBJC_LITERAL_CONVERSION = YES;
				CLANG_WARN_OBJC_ROOT_CLASS = YES_ERROR;
				CLANG_WARN_QUOTED_INCLUDE_IN_FRAMEWORK_HEADER = YES;
				CLANG_WARN_RANGE_LOOP_ANALYSIS = YES;
				CLANG_WARN_STRICT_PROTOTYPES = YES;
				CLANG_WARN_SUSPICIOUS_MOVE = YES;
				CLANG_WARN_UNGUARDED_AVAILABILITY = YES_AGGRESSIVE;
				CLANG_WARN_UNREACHABLE_CODE = YES;
				CLANG_WARN__DUPLICATE_METHOD_MATCH = YES;
				COPY_PHASE_STRIP = NO;
				DEBUG_INFORMATION_FORMAT = dwarf;
				ENABLE_STRICT_OBJC_MSGSEND = YES;
				ENABLE_TESTABILITY = YES;
				GCC_C_LANGUAGE_STANDARD = gnu11;
				GCC_DYNAMIC_NO_PIC = NO;
				GCC_NO_COMMON_BLOCKS = YES;
				GCC_OPTIMIZATION_LEVEL = 0;
				GCC_PREPROCESSOR_DEFINITIONS = (
					"DEBUG=1",
					"$(inherited)",
				);
				GCC_WARN_64_TO_32_BIT_CONVERSION = YES;
				GCC_WARN_ABOUT_RETURN_TYPE = YES_ERROR;
				GCC_WARN_UNDECLARED_SELECTOR = YES;
				GCC_WARN_UNINITIALIZED_AUTOS = YES_AGGRESSIVE;
				GCC_WARN_UNUSED_FUNCTION = YES;
				GCC_WARN_UNUSED_VARIABLE = YES;
				IPHONEOS_DEPLOYMENT_TARGET = 16.2;
				MTL_ENABLE_DEBUG_INFO = INCLUDE_SOURCE;
				MTL_FAST_MATH = YES;
				ONLY_ACTIVE_ARCH = YES;
				SDKROOT = iphoneos;
				SWIFT_ACTIVE_COMPILATION_CONDITIONS = DEBUG;
				SWIFT_OPTIMIZATION_LEVEL = "-Onone";
			};
			name = Debug;
		};
		7B4B5F51299FB09C0017DE0B /* Release */ = {
			isa = XCBuildConfiguration;
			buildSettings = {
				ALWAYS_SEARCH_USER_PATHS = NO;
				CLANG_ANALYZER_NONNULL = YES;
				CLANG_ANALYZER_NUMBER_OBJECT_CONVERSION = YES_AGGRESSIVE;
				CLANG_CXX_LANGUAGE_STANDARD = "gnu++20";
				CLANG_ENABLE_MODULES = YES;
				CLANG_ENABLE_OBJC_ARC = YES;
				CLANG_ENABLE_OBJC_WEAK = YES;
				CLANG_WARN_BLOCK_CAPTURE_AUTORELEASING = YES;
				CLANG_WARN_BOOL_CONVERSION = YES;
				CLANG_WARN_COMMA = YES;
				CLANG_WARN_CONSTANT_CONVERSION = YES;
				CLANG_WARN_DEPRECATED_OBJC_IMPLEMENTATIONS = YES;
				CLANG_WARN_DIRECT_OBJC_ISA_USAGE = YES_ERROR;
				CLANG_WARN_DOCUMENTATION_COMMENTS = YES;
				CLANG_WARN_EMPTY_BODY = YES;
				CLANG_WARN_ENUM_CONVERSION = YES;
				CLANG_WARN_INFINITE_RECURSION = YES;
				CLANG_WARN_INT_CONVERSION = YES;
				CLANG_WARN_NON_LITERAL_NULL_CONVERSION = YES;
				CLANG_WARN_OBJC_IMPLICIT_RETAIN_SELF = YES;
				CLANG_WARN_OBJC_LITERAL_CONVERSION = YES;
				CLANG_WARN_OBJC_ROOT_CLASS = YES_ERROR;
				CLANG_WARN_QUOTED_INCLUDE_IN_FRAMEWORK_HEADER = YES;
				CLANG_WARN_RANGE_LOOP_ANALYSIS = YES;
				CLANG_WARN_STRICT_PROTOTYPES = YES;
				CLANG_WARN_SUSPICIOUS_MOVE = YES;
				CLANG_WARN_UNGUARDED_AVAILABILITY = YES_AGGRESSIVE;
				CLANG_WARN_UNREACHABLE_CODE = YES;
				CLANG_WARN__DUPLICATE_METHOD_MATCH = YES;
				COPY_PHASE_STRIP = NO;
				DEBUG_INFORMATION_FORMAT = "dwarf-with-dsym";
				ENABLE_NS_ASSERTIONS = NO;
				ENABLE_STRICT_OBJC_MSGSEND = YES;
				GCC_C_LANGUAGE_STANDARD = gnu11;
				GCC_NO_COMMON_BLOCKS = YES;
				GCC_WARN_64_TO_32_BIT_CONVERSION = YES;
				GCC_WARN_ABOUT_RETURN_TYPE = YES_ERROR;
				GCC_WARN_UNDECLARED_SELECTOR = YES;
				GCC_WARN_UNINITIALIZED_AUTOS = YES_AGGRESSIVE;
				GCC_WARN_UNUSED_FUNCTION = YES;
				GCC_WARN_UNUSED_VARIABLE = YES;
				IPHONEOS_DEPLOYMENT_TARGET = 16.2;
				MTL_ENABLE_DEBUG_INFO = NO;
				MTL_FAST_MATH = YES;
				SDKROOT = iphoneos;
				SWIFT_COMPILATION_MODE = wholemodule;
				SWIFT_OPTIMIZATION_LEVEL = "-O";
				VALIDATE_PRODUCT = YES;
			};
			name = Release;
		};
		7B4B5F53299FB09C0017DE0B /* Debug */ = {
			isa = XCBuildConfiguration;
			buildSettings = {
				ASSETCATALOG_COMPILER_APPICON_NAME = AppIcon;
				ASSETCATALOG_COMPILER_GLOBAL_ACCENT_COLOR_NAME = AccentColor;
				CODE_SIGN_STYLE = Automatic;
				CURRENT_PROJECT_VERSION = 1;
				DEVELOPMENT_ASSET_PATHS = "\"VideoPlaylist/Preview Content\"";
				DEVELOPMENT_TEAM = XRR5P3RD3X;
				ENABLE_PREVIEWS = YES;
				GENERATE_INFOPLIST_FILE = YES;
				INFOPLIST_KEY_UIApplicationSceneManifest_Generation = YES;
				INFOPLIST_KEY_UIApplicationSupportsIndirectInputEvents = YES;
				INFOPLIST_KEY_UILaunchScreen_Generation = YES;
				INFOPLIST_KEY_UISupportedInterfaceOrientations_iPad = "UIInterfaceOrientationPortrait UIInterfaceOrientationPortraitUpsideDown UIInterfaceOrientationLandscapeLeft UIInterfaceOrientationLandscapeRight";
				INFOPLIST_KEY_UISupportedInterfaceOrientations_iPhone = "UIInterfaceOrientationPortrait UIInterfaceOrientationLandscapeLeft UIInterfaceOrientationLandscapeRight";
				LD_RUNPATH_SEARCH_PATHS = (
					"$(inherited)",
					"@executable_path/Frameworks",
				);
				MARKETING_VERSION = 1.0;
				PRODUCT_BUNDLE_IDENTIFIER = abdullahkaraboga.VideoPlaylist;
				PRODUCT_NAME = "$(TARGET_NAME)";
				SWIFT_EMIT_LOC_STRINGS = YES;
				SWIFT_VERSION = 5.0;
				TARGETED_DEVICE_FAMILY = "1,2";
			};
			name = Debug;
		};
		7B4B5F54299FB09C0017DE0B /* Release */ = {
			isa = XCBuildConfiguration;
			buildSettings = {
				ASSETCATALOG_COMPILER_APPICON_NAME = AppIcon;
				ASSETCATALOG_COMPILER_GLOBAL_ACCENT_COLOR_NAME = AccentColor;
				CODE_SIGN_STYLE = Automatic;
				CURRENT_PROJECT_VERSION = 1;
				DEVELOPMENT_ASSET_PATHS = "\"VideoPlaylist/Preview Content\"";
				DEVELOPMENT_TEAM = XRR5P3RD3X;
				ENABLE_PREVIEWS = YES;
				GENERATE_INFOPLIST_FILE = YES;
				INFOPLIST_KEY_UIApplicationSceneManifest_Generation = YES;
				INFOPLIST_KEY_UIApplicationSupportsIndirectInputEvents = YES;
				INFOPLIST_KEY_UILaunchScreen_Generation = YES;
				INFOPLIST_KEY_UISupportedInterfaceOrientations_iPad = "UIInterfaceOrientationPortrait UIInterfaceOrientationPortraitUpsideDown UIInterfaceOrientationLandscapeLeft UIInterfaceOrientationLandscapeRight";
				INFOPLIST_KEY_UISupportedInterfaceOrientations_iPhone = "UIInterfaceOrientationPortrait UIInterfaceOrientationLandscapeLeft UIInterfaceOrientationLandscapeRight";
				LD_RUNPATH_SEARCH_PATHS = (
					"$(inherited)",
					"@executable_path/Frameworks",
				);
				MARKETING_VERSION = 1.0;
				PRODUCT_BUNDLE_IDENTIFIER = abdullahkaraboga.VideoPlaylist;
				PRODUCT_NAME = "$(TARGET_NAME)";
				SWIFT_EMIT_LOC_STRINGS = YES;
				SWIFT_VERSION = 5.0;
				TARGETED_DEVICE_FAMILY = "1,2";
			};
			name = Release;
		};
		7B4B5F56299FB09C0017DE0B /* Debug */ = {
			isa = XCBuildConfiguration;
			buildSettings = {
				ALWAYS_EMBED_SWIFT_STANDARD_LIBRARIES = YES;
				BUNDLE_LOADER = "$(TEST_HOST)";
				CODE_SIGN_STYLE = Automatic;
				CURRENT_PROJECT_VERSION = 1;
				DEVELOPMENT_TEAM = XRR5P3RD3X;
				GENERATE_INFOPLIST_FILE = YES;
				IPHONEOS_DEPLOYMENT_TARGET = 16.2;
				MARKETING_VERSION = 1.0;
				PRODUCT_BUNDLE_IDENTIFIER = abdullahkaraboga.VideoPlaylistTests;
				PRODUCT_NAME = "$(TARGET_NAME)";
				SWIFT_EMIT_LOC_STRINGS = NO;
				SWIFT_VERSION = 5.0;
				TARGETED_DEVICE_FAMILY = "1,2";
				TEST_HOST = "$(BUILT_PRODUCTS_DIR)/VideoPlaylist.app/$(BUNDLE_EXECUTABLE_FOLDER_PATH)/VideoPlaylist";
			};
			name = Debug;
		};
		7B4B5F57299FB09C0017DE0B /* Release */ = {
			isa = XCBuildConfiguration;
			buildSettings = {
				ALWAYS_EMBED_SWIFT_STANDARD_LIBRARIES = YES;
				BUNDLE_LOADER = "$(TEST_HOST)";
				CODE_SIGN_STYLE = Automatic;
				CURRENT_PROJECT_VERSION = 1;
				DEVELOPMENT_TEAM = XRR5P3RD3X;
				GENERATE_INFOPLIST_FILE = YES;
				IPHONEOS_DEPLOYMENT_TARGET = 16.2;
				MARKETING_VERSION = 1.0;
				PRODUCT_BUNDLE_IDENTIFIER = abdullahkaraboga.VideoPlaylistTests;
				PRODUCT_NAME = "$(TARGET_NAME)";
				SWIFT_EMIT_LOC_STRINGS = NO;
				SWIFT_VERSION = 5.0;
				TARGETED_DEVICE_FAMILY = "1,2";
				TEST_HOST = "$(BUILT_PRODUCTS_DIR)/VideoPlaylist.app/$(BUNDLE_EXECUTABLE_FOLDER_PATH)/VideoPlaylist";
			};
			name = Release;
		};
		7B4B5F59299FB09C0017DE0B /* Debug */ = {
			isa = XCBuildConfiguration;
			buildSettings = {
				ALWAYS_EMBED_SWIFT_STANDARD_LIBRARIES = YES;
				CODE_SIGN_STYLE = Automatic;
				CURRENT_PROJECT_VERSION = 1;
				DEVELOPMENT_TEAM = XRR5P3RD3X;
				GENERATE_INFOPLIST_FILE = YES;
				MARKETING_VERSION = 1.0;
				PRODUCT_BUNDLE_IDENTIFIER = abdullahkaraboga.VideoPlaylistUITests;
				PRODUCT_NAME = "$(TARGET_NAME)";
				SWIFT_EMIT_LOC_STRINGS = NO;
				SWIFT_VERSION = 5.0;
				TARGETED_DEVICE_FAMILY = "1,2";
				TEST_TARGET_NAME = VideoPlaylist;
			};
			name = Debug;
		};
		7B4B5F5A299FB09C0017DE0B /* Release */ = {
			isa = XCBuildConfiguration;
			buildSettings = {
				ALWAYS_EMBED_SWIFT_STANDARD_LIBRARIES = YES;
				CODE_SIGN_STYLE = Automatic;
				CURRENT_PROJECT_VERSION = 1;
				DEVELOPMENT_TEAM = XRR5P3RD3X;
				GENERATE_INFOPLIST_FILE = YES;
				MARKETING_VERSION = 1.0;
				PRODUCT_BUNDLE_IDENTIFIER = abdullahkaraboga.VideoPlaylistUITests;
				PRODUCT_NAME = "$(TARGET_NAME)";
				SWIFT_EMIT_LOC_STRINGS = NO;
				SWIFT_VERSION = 5.0;
				TARGETED_DEVICE_FAMILY = "1,2";
				TEST_TARGET_NAME = VideoPlaylist;
			};
			name = Release;
		};
/* End XCBuildConfiguration section */

/* Begin XCConfigurationList section */
		7B4B5F29299FB0980017DE0B /* Build configuration list for PBXProject "VideoPlaylist" */ = {
			isa = XCConfigurationList;
			buildConfigurations = (
				7B4B5F50299FB09C0017DE0B /* Debug */,
				7B4B5F51299FB09C0017DE0B /* Release */,
			);
			defaultConfigurationIsVisible = 0;
			defaultConfigurationName = Release;
		};
		7B4B5F52299FB09C0017DE0B /* Build configuration list for PBXNativeTarget "VideoPlaylist" */ = {
			isa = XCConfigurationList;
			buildConfigurations = (
				7B4B5F53299FB09C0017DE0B /* Debug */,
				7B4B5F54299FB09C0017DE0B /* Release */,
			);
			defaultConfigurationIsVisible = 0;
			defaultConfigurationName = Release;
		};
		7B4B5F55299FB09C0017DE0B /* Build configuration list for PBXNativeTarget "VideoPlaylistTests" */ = {
			isa = XCConfigurationList;
			buildConfigurations = (
				7B4B5F56299FB09C0017DE0B /* Debug */,
				7B4B5F57299FB09C0017DE0B /* Release */,
			);
			defaultConfigurationIsVisible = 0;
			defaultConfigurationName = Release;
		};
		7B4B5F58299FB09C0017DE0B /* Build configuration list for PBXNativeTarget "VideoPlaylistUITests" */ = {
			isa = XCConfigurationList;
			buildConfigurations = (
				7B4B5F59299FB09C0017DE0B /* Debug */,
				7B4B5F5A299FB09C0017DE0B /* Release */,
			);
			defaultConfigurationIsVisible = 0;
			defaultConfigurationName = Release;
		};
/* End XCConfigurationList section */
	};
	rootObject = 7B4B5F26299FB0980017DE0B /* Project object */;
}
